
Microsoft Visual Studio Solution File, Format Version 12.00
# Visual Studio Version 17
VisualStudioVersion = 17.1.32228.430
MinimumVisualStudioVersion = 10.0.40219.1
Project("{9A19103F-16F7-4668-BE54-9A1E7A4F7556}") = "AzureTables", "AzureTables\AzureTables.csproj", "{ED4BA59E-28A1-4A80-BBD7-1FFCDA4D42B9}"
EndProject
Project("{9A19103F-16F7-4668-BE54-9A1E7A4F7556}") = "AzureTables.Tests", "AzureTables.Tests\AzureTables.Tests.csproj", "{59424AFA-AE02-49C2-A258-FFEDD49EDF42}"
EndProject
Global
	GlobalSection(SolutionConfigurationPlatforms) = preSolution
		Debug|Any CPU = Debug|Any CPU
		Release|Any CPU = Release|Any CPU
	EndGlobalSection
	GlobalSection(ProjectConfigurationPlatforms) = postSolution
		{ED4BA59E-28A1-4A80-BBD7-1FFCDA4D42B9}.Debug|Any CPU.ActiveCfg = Debug|Any CPU
		{ED4BA59E-28A1-4A80-BBD7-1FFCDA4D42B9}.Debug|Any CPU.Build.0 = Debug|Any CPU
		{ED4BA59E-28A1-4A80-BBD7-1FFCDA4D42B9}.Release|Any CPU.ActiveCfg = Release|Any CPU
		{ED4BA59E-28A1-4A80-BBD7-1FFCDA4D42B9}.Release|Any CPU.Build.0 = Release|Any CPU
		{59424AFA-AE02-49C2-A258-FFEDD49EDF42}.Debug|Any CPU.ActiveCfg = Debug|Any CPU
		{59424AFA-AE02-49C2-A258-FFEDD49EDF42}.Debug|Any CPU.Build.0 = Debug|Any CPU
		{59424AFA-AE02-49C2-A258-FFEDD49EDF42}.Release|Any CPU.ActiveCfg = Release|Any CPU
		{59424AFA-AE02-49C2-A258-FFEDD49EDF42}.Release|Any CPU.Build.0 = Release|Any CPU
	EndGlobalSection
	GlobalSection(SolutionProperties) = preSolution
		HideSolutionNode = FALSE
	EndGlobalSection
	GlobalSection(ExtensibilityGlobals) = postSolution
		SolutionGuid = {C353D47F-2E2B-47C6-8EC3-249255E4BA7F}
	EndGlobalSection
EndGlobal
